
Microsoft Visual Studio Solution File, Format Version 12.00
# Visual Studio Version 17
VisualStudioVersion = 17.9.34616.47
MinimumVisualStudioVersion = 10.0.40219.1
Project("{FAE04EC0-301F-11D3-BF4B-00C04F79EFBC}") = "JamesBank.Presentation", "JamesBank.Presentation\JamesBank.Presentation.csproj", "{AFE99D9A-3AE5-45B4-9F1D-C54A00247185}"
EndProject
Global
	GlobalSection(SolutionConfigurationPlatforms) = preSolution
		Debug|Any CPU = Debug|Any CPU
		Release|Any CPU = Release|Any CPU
	EndGlobalSection
	GlobalSection(ProjectConfigurationPlatforms) = postSolution
		{AFE99D9A-3AE5-45B4-9F1D-C54A00247185}.Debug|Any CPU.ActiveCfg = Debug|Any CPU
		{AFE99D9A-3AE5-45B4-9F1D-C54A00247185}.Debug|Any CPU.Build.0 = Debug|Any CPU
		{AFE99D9A-3AE5-45B4-9F1D-C54A00247185}.Release|Any CPU.ActiveCfg = Release|Any CPU
		{AFE99D9A-3AE5-45B4-9F1D-C54A00247185}.Release|Any CPU.Build.0 = Release|Any CPU
	EndGlobalSection
	GlobalSection(SolutionProperties) = preSolution
		HideSolutionNode = FALSE
	EndGlobalSection
	GlobalSection(ExtensibilityGlobals) = postSolution
		SolutionGuid = {170F50AC-6EA1-4926-AE99-8398E69E78C2}
	EndGlobalSection
EndGlobal
